
Microsoft Visual Studio Solution File, Format Version 12.00
# Visual Studio Version 17
VisualStudioVersion = 17.11.35208.52
MinimumVisualStudioVersion = 10.0.40219.1
Project("{FAE04EC0-301F-11D3-BF4B-00C04F79EFBC}") = "EFQueryPart1", "EFQueryPart1\EFQueryPart1.csproj", "{7F9CCF1C-CEBD-49F2-9407-29F34AA8B7F2}"
EndProject
Project("{FAE04EC0-301F-11D3-BF4B-00C04F79EFBC}") = "ClientVsServerSide", "ClientVsServerSide\ClientVsServerSide.csproj", "{4DB5F945-0BB8-454E-AD06-9704E312D69B}"
EndProject
Project("{FAE04EC0-301F-11D3-BF4B-00C04F79EFBC}") = "TrackingVsNoTrackin", "TrackingVsNoTrackin\TrackingVsNoTrackin.csproj", "{8BAE5DFC-2FB8-4CD4-BB49-C032ED28C603}"
EndProject
Project("{FAE04EC0-301F-11D3-BF4B-00C04F79EFBC}") = "RelatedDataEager", "RelatedDataEager\RelatedDataEager.csproj", "{FB54EE83-397D-454C-ADA8-C30460E9C624}"
EndProject
Global
	GlobalSection(SolutionConfigurationPlatforms) = preSolution
		Debug|Any CPU = Debug|Any CPU
		Release|Any CPU = Release|Any CPU
	EndGlobalSection
	GlobalSection(ProjectConfigurationPlatforms) = postSolution
		{7F9CCF1C-CEBD-49F2-9407-29F34AA8B7F2}.Debug|Any CPU.ActiveCfg = Debug|Any CPU
		{7F9CCF1C-CEBD-49F2-9407-29F34AA8B7F2}.Debug|Any CPU.Build.0 = Debug|Any CPU
		{7F9CCF1C-CEBD-49F2-9407-29F34AA8B7F2}.Release|Any CPU.ActiveCfg = Release|Any CPU
		{7F9CCF1C-CEBD-49F2-9407-29F34AA8B7F2}.Release|Any CPU.Build.0 = Release|Any CPU
		{4DB5F945-0BB8-454E-AD06-9704E312D69B}.Debug|Any CPU.ActiveCfg = Debug|Any CPU
		{4DB5F945-0BB8-454E-AD06-9704E312D69B}.Debug|Any CPU.Build.0 = Debug|Any CPU
		{4DB5F945-0BB8-454E-AD06-9704E312D69B}.Release|Any CPU.ActiveCfg = Release|Any CPU
		{4DB5F945-0BB8-454E-AD06-9704E312D69B}.Release|Any CPU.Build.0 = Release|Any CPU
		{8BAE5DFC-2FB8-4CD4-BB49-C032ED28C603}.Debug|Any CPU.ActiveCfg = Debug|Any CPU
		{8BAE5DFC-2FB8-4CD4-BB49-C032ED28C603}.Debug|Any CPU.Build.0 = Debug|Any CPU
		{8BAE5DFC-2FB8-4CD4-BB49-C032ED28C603}.Release|Any CPU.ActiveCfg = Release|Any CPU
		{8BAE5DFC-2FB8-4CD4-BB49-C032ED28C603}.Release|Any CPU.Build.0 = Release|Any CPU
		{FB54EE83-397D-454C-ADA8-C30460E9C624}.Debug|Any CPU.ActiveCfg = Debug|Any CPU
		{FB54EE83-397D-454C-ADA8-C30460E9C624}.Debug|Any CPU.Build.0 = Debug|Any CPU
		{FB54EE83-397D-454C-ADA8-C30460E9C624}.Release|Any CPU.ActiveCfg = Release|Any CPU
		{FB54EE83-397D-454C-ADA8-C30460E9C624}.Release|Any CPU.Build.0 = Release|Any CPU
	EndGlobalSection
	GlobalSection(SolutionProperties) = preSolution
		HideSolutionNode = FALSE
	EndGlobalSection
	GlobalSection(ExtensibilityGlobals) = postSolution
		SolutionGuid = {4B4F320F-AA04-44AF-8874-58CEA791B3A0}
	EndGlobalSection
EndGlobal
